
Microsoft Visual Studio Solution File, Format Version 12.00
# Visual Studio 14
VisualStudioVersion = 14.0.24720.0
MinimumVisualStudioVersion = 10.0.40219.1
Project("{FAE04EC0-301F-11D3-BF4B-00C04F79EFBC}") = "VKDiplom", "VKDiplom\VKDiplom.csproj", "{C480742E-7EE3-4F31-A11B-BEC1DF0D52E0}"
EndProject
Project("{FAE04EC0-301F-11D3-BF4B-00C04F79EFBC}") = "VKDiplom.Web", "VKDiplom.Web\VKDiplom.Web.csproj", "{A085E6F7-35AE-44C8-84CB-B28C45CC6484}"
EndProject
Project("{FAE04EC0-301F-11D3-BF4B-00C04F79EFBC}") = "HermiteInterpolation", "HermiteInterpolation\HermiteInterpolation.csproj", "{4DA8571C-CA17-4DC7-90B6-544F4ECDF424}"
EndProject
Project("{FAE04EC0-301F-11D3-BF4B-00C04F79EFBC}") = "SymbolicDifferentiation", "SymbolicDifferentiation\SymbolicDifferentiation.csproj", "{3F4739EC-1220-4BA8-A01A-DBCBC1B32DDC}"
EndProject
Project("{FAE04EC0-301F-11D3-BF4B-00C04F79EFBC}") = "Test", "Test\Test.csproj", "{E365F054-83D6-4BAB-9FF7-B0C5DD33A3FB}"
EndProject
Project("{8BC9CEB8-8B4A-11D0-8D11-00A0C91BC942}") = "SplineKnotsBenchmark", "SplineKnotsBenchmark\SplineKnotsBenchmark.vcxproj", "{930DA775-96D5-4368-B593-743D0788BC3A}"
EndProject
Project("{8BC9CEB8-8B4A-11D0-8D11-00A0C91BC942}") = "SplineKnotsBenchmark2", "SplineKnotsBenchmark2\SplineKnotsBenchmark2.vcxproj", "{0F747367-B5FB-4D39-AA3A-2CEC1C7FBCD4}"
EndProject
Global
	GlobalSection(SolutionConfigurationPlatforms) = preSolution
		BenchAvx_ICL|Any CPU = BenchAvx_ICL|Any CPU
		BenchAvx_ICL|x64 = BenchAvx_ICL|x64
		BenchAvx_ICL|x86 = BenchAvx_ICL|x86
		BenchAvx_MSVC|Any CPU = BenchAvx_MSVC|Any CPU
		BenchAvx_MSVC|x64 = BenchAvx_MSVC|x64
		BenchAvx_MSVC|x86 = BenchAvx_MSVC|x86
		BenchSSE_ICL|Any CPU = BenchSSE_ICL|Any CPU
		BenchSSE_ICL|x64 = BenchSSE_ICL|x64
		BenchSSE_ICL|x86 = BenchSSE_ICL|x86
		BenchSSE_MSVC|Any CPU = BenchSSE_MSVC|Any CPU
		BenchSSE_MSVC|x64 = BenchSSE_MSVC|x64
		BenchSSE_MSVC|x86 = BenchSSE_MSVC|x86
		Debug|Any CPU = Debug|Any CPU
		Debug|x64 = Debug|x64
		Debug|x86 = Debug|x86
		Release|Any CPU = Release|Any CPU
		Release|x64 = Release|x64
		Release|x86 = Release|x86
	EndGlobalSection
	GlobalSection(ProjectConfigurationPlatforms) = postSolution
		{C480742E-7EE3-4F31-A11B-BEC1DF0D52E0}.BenchAvx_ICL|Any CPU.ActiveCfg = Release|Any CPU
		{C480742E-7EE3-4F31-A11B-BEC1DF0D52E0}.BenchAvx_ICL|Any CPU.Build.0 = Release|Any CPU
		{C480742E-7EE3-4F31-A11B-BEC1DF0D52E0}.BenchAvx_ICL|x64.ActiveCfg = Bench|Any CPU
		{C480742E-7EE3-4F31-A11B-BEC1DF0D52E0}.BenchAvx_ICL|x64.Build.0 = Bench|Any CPU
		{C480742E-7EE3-4F31-A11B-BEC1DF0D52E0}.BenchAvx_ICL|x86.ActiveCfg = Bench|Any CPU
		{C480742E-7EE3-4F31-A11B-BEC1DF0D52E0}.BenchAvx_ICL|x86.Build.0 = Bench|Any CPU
		{C480742E-7EE3-4F31-A11B-BEC1DF0D52E0}.BenchAvx_MSVC|Any CPU.ActiveCfg = Release|Any CPU
		{C480742E-7EE3-4F31-A11B-BEC1DF0D52E0}.BenchAvx_MSVC|Any CPU.Build.0 = Release|Any CPU
		{C480742E-7EE3-4F31-A11B-BEC1DF0D52E0}.BenchAvx_MSVC|x64.ActiveCfg = BenchAvx_MSVC|Any CPU
		{C480742E-7EE3-4F31-A11B-BEC1DF0D52E0}.BenchAvx_MSVC|x64.Build.0 = BenchAvx_MSVC|Any CPU
		{C480742E-7EE3-4F31-A11B-BEC1DF0D52E0}.BenchAvx_MSVC|x86.ActiveCfg = BenchAvx_MSVC|Any CPU
		{C480742E-7EE3-4F31-A11B-BEC1DF0D52E0}.BenchAvx_MSVC|x86.Build.0 = BenchAvx_MSVC|Any CPU
		{C480742E-7EE3-4F31-A11B-BEC1DF0D52E0}.BenchSSE_ICL|Any CPU.ActiveCfg = Release|Any CPU
		{C480742E-7EE3-4F31-A11B-BEC1DF0D52E0}.BenchSSE_ICL|Any CPU.Build.0 = Release|Any CPU
		{C480742E-7EE3-4F31-A11B-BEC1DF0D52E0}.BenchSSE_ICL|x64.ActiveCfg = Bench|Any CPU
		{C480742E-7EE3-4F31-A11B-BEC1DF0D52E0}.BenchSSE_ICL|x64.Build.0 = Bench|Any CPU
		{C480742E-7EE3-4F31-A11B-BEC1DF0D52E0}.BenchSSE_ICL|x86.ActiveCfg = Bench|Any CPU
		{C480742E-7EE3-4F31-A11B-BEC1DF0D52E0}.BenchSSE_ICL|x86.Build.0 = Bench|Any CPU
		{C480742E-7EE3-4F31-A11B-BEC1DF0D52E0}.BenchSSE_MSVC|Any CPU.ActiveCfg = Release|Any CPU
		{C480742E-7EE3-4F31-A11B-BEC1DF0D52E0}.BenchSSE_MSVC|Any CPU.Build.0 = Release|Any CPU
		{C480742E-7EE3-4F31-A11B-BEC1DF0D52E0}.BenchSSE_MSVC|x64.ActiveCfg = BenchSSE_MSVC|Any CPU
		{C480742E-7EE3-4F31-A11B-BEC1DF0D52E0}.BenchSSE_MSVC|x64.Build.0 = BenchSSE_MSVC|Any CPU
		{C480742E-7EE3-4F31-A11B-BEC1DF0D52E0}.BenchSSE_MSVC|x86.ActiveCfg = BenchSSE_MSVC|Any CPU
		{C480742E-7EE3-4F31-A11B-BEC1DF0D52E0}.BenchSSE_MSVC|x86.Build.0 = BenchSSE_MSVC|Any CPU
		{C480742E-7EE3-4F31-A11B-BEC1DF0D52E0}.Debug|Any CPU.ActiveCfg = Debug|Any CPU
		{C480742E-7EE3-4F31-A11B-BEC1DF0D52E0}.Debug|Any CPU.Build.0 = Debug|Any CPU
		{C480742E-7EE3-4F31-A11B-BEC1DF0D52E0}.Debug|x64.ActiveCfg = Debug|Any CPU
		{C480742E-7EE3-4F31-A11B-BEC1DF0D52E0}.Debug|x64.Build.0 = Debug|Any CPU
		{C480742E-7EE3-4F31-A11B-BEC1DF0D52E0}.Debug|x86.ActiveCfg = Debug|Any CPU
		{C480742E-7EE3-4F31-A11B-BEC1DF0D52E0}.Debug|x86.Build.0 = Debug|Any CPU
		{C480742E-7EE3-4F31-A11B-BEC1DF0D52E0}.Release|Any CPU.ActiveCfg = Release|Any CPU
		{C480742E-7EE3-4F31-A11B-BEC1DF0D52E0}.Release|Any CPU.Build.0 = Release|Any CPU
		{C480742E-7EE3-4F31-A11B-BEC1DF0D52E0}.Release|x64.ActiveCfg = Release|Any CPU
		{C480742E-7EE3-4F31-A11B-BEC1DF0D52E0}.Release|x64.Build.0 = Release|Any CPU
		{C480742E-7EE3-4F31-A11B-BEC1DF0D52E0}.Release|x86.ActiveCfg = Release|Any CPU
		{C480742E-7EE3-4F31-A11B-BEC1DF0D52E0}.Release|x86.Build.0 = Release|Any CPU
		{A085E6F7-35AE-44C8-84CB-B28C45CC6484}.BenchAvx_ICL|Any CPU.ActiveCfg = Release|Any CPU
		{A085E6F7-35AE-44C8-84CB-B28C45CC6484}.BenchAvx_ICL|Any CPU.Build.0 = Release|Any CPU
		{A085E6F7-35AE-44C8-84CB-B28C45CC6484}.BenchAvx_ICL|x64.ActiveCfg = Debug|Any CPU
		{A085E6F7-35AE-44C8-84CB-B28C45CC6484}.BenchAvx_ICL|x64.Build.0 = Debug|Any CPU
		{A085E6F7-35AE-44C8-84CB-B28C45CC6484}.BenchAvx_ICL|x86.ActiveCfg = Debug|Any CPU
		{A085E6F7-35AE-44C8-84CB-B28C45CC6484}.BenchAvx_ICL|x86.Build.0 = Debug|Any CPU
		{A085E6F7-35AE-44C8-84CB-B28C45CC6484}.BenchAvx_MSVC|Any CPU.ActiveCfg = Release|Any CPU
		{A085E6F7-35AE-44C8-84CB-B28C45CC6484}.BenchAvx_MSVC|Any CPU.Build.0 = Release|Any CPU
		{A085E6F7-35AE-44C8-84CB-B28C45CC6484}.BenchAvx_MSVC|x64.ActiveCfg = BenchAvx_MSVC|Any CPU
		{A085E6F7-35AE-44C8-84CB-B28C45CC6484}.BenchAvx_MSVC|x64.Build.0 = BenchAvx_MSVC|Any CPU
		{A085E6F7-35AE-44C8-84CB-B28C45CC6484}.BenchAvx_MSVC|x86.ActiveCfg = BenchAvx_MSVC|Any CPU
		{A085E6F7-35AE-44C8-84CB-B28C45CC6484}.BenchAvx_MSVC|x86.Build.0 = BenchAvx_MSVC|Any CPU
		{A085E6F7-35AE-44C8-84CB-B28C45CC6484}.BenchSSE_ICL|Any CPU.ActiveCfg = Release|Any CPU
		{A085E6F7-35AE-44C8-84CB-B28C45CC6484}.BenchSSE_ICL|Any CPU.Build.0 = Release|Any CPU
		{A085E6F7-35AE-44C8-84CB-B28C45CC6484}.BenchSSE_ICL|x64.ActiveCfg = Debug|Any CPU
		{A085E6F7-35AE-44C8-84CB-B28C45CC6484}.BenchSSE_ICL|x64.Build.0 = Debug|Any CPU
		{A085E6F7-35AE-44C8-84CB-B28C45CC6484}.BenchSSE_ICL|x86.ActiveCfg = Debug|Any CPU
		{A085E6F7-35AE-44C8-84CB-B28C45CC6484}.BenchSSE_ICL|x86.Build.0 = Debug|Any CPU
		{A085E6F7-35AE-44C8-84CB-B28C45CC6484}.BenchSSE_MSVC|Any CPU.ActiveCfg = Release|Any CPU
		{A085E6F7-35AE-44C8-84CB-B28C45CC6484}.BenchSSE_MSVC|Any CPU.Build.0 = Release|Any CPU
		{A085E6F7-35AE-44C8-84CB-B28C45CC6484}.BenchSSE_MSVC|x64.ActiveCfg = Debug|Any CPU
		{A085E6F7-35AE-44C8-84CB-B28C45CC6484}.BenchSSE_MSVC|x64.Build.0 = Debug|Any CPU
		{A085E6F7-35AE-44C8-84CB-B28C45CC6484}.BenchSSE_MSVC|x86.ActiveCfg = Debug|Any CPU
		{A085E6F7-35AE-44C8-84CB-B28C45CC6484}.BenchSSE_MSVC|x86.Build.0 = Debug|Any CPU
		{A085E6F7-35AE-44C8-84CB-B28C45CC6484}.Debug|Any CPU.ActiveCfg = Debug|Any CPU
		{A085E6F7-35AE-44C8-84CB-B28C45CC6484}.Debug|Any CPU.Build.0 = Debug|Any CPU
		{A085E6F7-35AE-44C8-84CB-B28C45CC6484}.Debug|x64.ActiveCfg = Debug|Any CPU
		{A085E6F7-35AE-44C8-84CB-B28C45CC6484}.Debug|x64.Build.0 = Debug|Any CPU
		{A085E6F7-35AE-44C8-84CB-B28C45CC6484}.Debug|x86.ActiveCfg = Debug|Any CPU
		{A085E6F7-35AE-44C8-84CB-B28C45CC6484}.Debug|x86.Build.0 = Debug|Any CPU
		{A085E6F7-35AE-44C8-84CB-B28C45CC6484}.Release|Any CPU.ActiveCfg = Release|Any CPU
		{A085E6F7-35AE-44C8-84CB-B28C45CC6484}.Release|Any CPU.Build.0 = Release|Any CPU
		{A085E6F7-35AE-44C8-84CB-B28C45CC6484}.Release|x64.ActiveCfg = Release|Any CPU
		{A085E6F7-35AE-44C8-84CB-B28C45CC6484}.Release|x64.Build.0 = Release|Any CPU
		{A085E6F7-35AE-44C8-84CB-B28C45CC6484}.Release|x86.ActiveCfg = Release|Any CPU
		{A085E6F7-35AE-44C8-84CB-B28C45CC6484}.Release|x86.Build.0 = Release|Any CPU
		{4DA8571C-CA17-4DC7-90B6-544F4ECDF424}.BenchAvx_ICL|Any CPU.ActiveCfg = Release|Any CPU
		{4DA8571C-CA17-4DC7-90B6-544F4ECDF424}.BenchAvx_ICL|Any CPU.Build.0 = Release|Any CPU
		{4DA8571C-CA17-4DC7-90B6-544F4ECDF424}.BenchAvx_ICL|x64.ActiveCfg = Bench|Any CPU
		{4DA8571C-CA17-4DC7-90B6-544F4ECDF424}.BenchAvx_ICL|x64.Build.0 = Bench|Any CPU
		{4DA8571C-CA17-4DC7-90B6-544F4ECDF424}.BenchAvx_ICL|x86.ActiveCfg = Bench|Any CPU
		{4DA8571C-CA17-4DC7-90B6-544F4ECDF424}.BenchAvx_ICL|x86.Build.0 = Bench|Any CPU
		{4DA8571C-CA17-4DC7-90B6-544F4ECDF424}.BenchAvx_MSVC|Any CPU.ActiveCfg = Release|Any CPU
		{4DA8571C-CA17-4DC7-90B6-544F4ECDF424}.BenchAvx_MSVC|Any CPU.Build.0 = Release|Any CPU
		{4DA8571C-CA17-4DC7-90B6-544F4ECDF424}.BenchAvx_MSVC|x64.ActiveCfg = BenchAvx_MSVC|Any CPU
		{4DA8571C-CA17-4DC7-90B6-544F4ECDF424}.BenchAvx_MSVC|x64.Build.0 = BenchAvx_MSVC|Any CPU
		{4DA8571C-CA17-4DC7-90B6-544F4ECDF424}.BenchAvx_MSVC|x86.ActiveCfg = BenchAvx_MSVC|Any CPU
		{4DA8571C-CA17-4DC7-90B6-544F4ECDF424}.BenchAvx_MSVC|x86.Build.0 = BenchAvx_MSVC|Any CPU
		{4DA8571C-CA17-4DC7-90B6-544F4ECDF424}.BenchSSE_ICL|Any CPU.ActiveCfg = Release|Any CPU
		{4DA8571C-CA17-4DC7-90B6-544F4ECDF424}.BenchSSE_ICL|Any CPU.Build.0 = Release|Any CPU
		{4DA8571C-CA17-4DC7-90B6-544F4ECDF424}.BenchSSE_ICL|x64.ActiveCfg = Bench|Any CPU
		{4DA8571C-CA17-4DC7-90B6-544F4ECDF424}.BenchSSE_ICL|x64.Build.0 = Bench|Any CPU
		{4DA8571C-CA17-4DC7-90B6-544F4ECDF424}.BenchSSE_ICL|x86.ActiveCfg = Bench|Any CPU
		{4DA8571C-CA17-4DC7-90B6-544F4ECDF424}.BenchSSE_ICL|x86.Build.0 = Bench|Any CPU
		{4DA8571C-CA17-4DC7-90B6-544F4ECDF424}.BenchSSE_MSVC|Any CPU.ActiveCfg = Release|Any CPU
		{4DA8571C-CA17-4DC7-90B6-544F4ECDF424}.BenchSSE_MSVC|Any CPU.Build.0 = Release|Any CPU
		{4DA8571C-CA17-4DC7-90B6-544F4ECDF424}.BenchSSE_MSVC|x64.ActiveCfg = BenchSSE_MSVC|Any CPU
		{4DA8571C-CA17-4DC7-90B6-544F4ECDF424}.BenchSSE_MSVC|x64.Build.0 = BenchSSE_MSVC|Any CPU
		{4DA8571C-CA17-4DC7-90B6-544F4ECDF424}.BenchSSE_MSVC|x86.ActiveCfg = BenchSSE_MSVC|Any CPU
		{4DA8571C-CA17-4DC7-90B6-544F4ECDF424}.BenchSSE_MSVC|x86.Build.0 = BenchSSE_MSVC|Any CPU
		{4DA8571C-CA17-4DC7-90B6-544F4ECDF424}.Debug|Any CPU.ActiveCfg = Debug|Any CPU
		{4DA8571C-CA17-4DC7-90B6-544F4ECDF424}.Debug|Any CPU.Build.0 = Debug|Any CPU
		{4DA8571C-CA17-4DC7-90B6-544F4ECDF424}.Debug|x64.ActiveCfg = Debug|Any CPU
		{4DA8571C-CA17-4DC7-90B6-544F4ECDF424}.Debug|x64.Build.0 = Debug|Any CPU
		{4DA8571C-CA17-4DC7-90B6-544F4ECDF424}.Debug|x86.ActiveCfg = Debug|Any CPU
		{4DA8571C-CA17-4DC7-90B6-544F4ECDF424}.Debug|x86.Build.0 = Debug|Any CPU
		{4DA8571C-CA17-4DC7-90B6-544F4ECDF424}.Release|Any CPU.ActiveCfg = Release|Any CPU
		{4DA8571C-CA17-4DC7-90B6-544F4ECDF424}.Release|Any CPU.Build.0 = Release|Any CPU
		{4DA8571C-CA17-4DC7-90B6-544F4ECDF424}.Release|x64.ActiveCfg = Release|Any CPU
		{4DA8571C-CA17-4DC7-90B6-544F4ECDF424}.Release|x64.Build.0 = Release|Any CPU
		{4DA8571C-CA17-4DC7-90B6-544F4ECDF424}.Release|x86.ActiveCfg = Release|Any CPU
		{4DA8571C-CA17-4DC7-90B6-544F4ECDF424}.Release|x86.Build.0 = Release|Any CPU
		{3F4739EC-1220-4BA8-A01A-DBCBC1B32DDC}.BenchAvx_ICL|Any CPU.ActiveCfg = Release|Any CPU
		{3F4739EC-1220-4BA8-A01A-DBCBC1B32DDC}.BenchAvx_ICL|Any CPU.Build.0 = Release|Any CPU
		{3F4739EC-1220-4BA8-A01A-DBCBC1B32DDC}.BenchAvx_ICL|x64.ActiveCfg = Bench|Any CPU
		{3F4739EC-1220-4BA8-A01A-DBCBC1B32DDC}.BenchAvx_ICL|x64.Build.0 = Bench|Any CPU
		{3F4739EC-1220-4BA8-A01A-DBCBC1B32DDC}.BenchAvx_ICL|x86.ActiveCfg = Bench|Any CPU
		{3F4739EC-1220-4BA8-A01A-DBCBC1B32DDC}.BenchAvx_ICL|x86.Build.0 = Bench|Any CPU
		{3F4739EC-1220-4BA8-A01A-DBCBC1B32DDC}.BenchAvx_MSVC|Any CPU.ActiveCfg = Release|Any CPU
		{3F4739EC-1220-4BA8-A01A-DBCBC1B32DDC}.BenchAvx_MSVC|Any CPU.Build.0 = Release|Any CPU
		{3F4739EC-1220-4BA8-A01A-DBCBC1B32DDC}.BenchAvx_MSVC|x64.ActiveCfg = BenchAvx_MSVC|Any CPU
		{3F4739EC-1220-4BA8-A01A-DBCBC1B32DDC}.BenchAvx_MSVC|x64.Build.0 = BenchAvx_MSVC|Any CPU
		{3F4739EC-1220-4BA8-A01A-DBCBC1B32DDC}.BenchAvx_MSVC|x86.ActiveCfg = BenchAvx_MSVC|Any CPU
		{3F4739EC-1220-4BA8-A01A-DBCBC1B32DDC}.BenchAvx_MSVC|x86.Build.0 = BenchAvx_MSVC|Any CPU
		{3F4739EC-1220-4BA8-A01A-DBCBC1B32DDC}.BenchSSE_ICL|Any CPU.ActiveCfg = Release|Any CPU
		{3F4739EC-1220-4BA8-A01A-DBCBC1B32DDC}.BenchSSE_ICL|Any CPU.Build.0 = Release|Any CPU
		{3F4739EC-1220-4BA8-A01A-DBCBC1B32DDC}.BenchSSE_ICL|x64.ActiveCfg = Bench|Any CPU
		{3F4739EC-1220-4BA8-A01A-DBCBC1B32DDC}.BenchSSE_ICL|x64.Build.0 = Bench|Any CPU
		{3F4739EC-1220-4BA8-A01A-DBCBC1B32DDC}.BenchSSE_ICL|x86.ActiveCfg = Bench|Any CPU
		{3F4739EC-1220-4BA8-A01A-DBCBC1B32DDC}.BenchSSE_ICL|x86.Build.0 = Bench|Any CPU
		{3F4739EC-1220-4BA8-A01A-DBCBC1B32DDC}.BenchSSE_MSVC|Any CPU.ActiveCfg = Release|Any CPU
		{3F4739EC-1220-4BA8-A01A-DBCBC1B32DDC}.BenchSSE_MSVC|Any CPU.Build.0 = Release|Any CPU
		{3F4739EC-1220-4BA8-A01A-DBCBC1B32DDC}.BenchSSE_MSVC|x64.ActiveCfg = BenchSSE_MSVC|Any CPU
		{3F4739EC-1220-4BA8-A01A-DBCBC1B32DDC}.BenchSSE_MSVC|x64.Build.0 = BenchSSE_MSVC|Any CPU
		{3F4739EC-1220-4BA8-A01A-DBCBC1B32DDC}.BenchSSE_MSVC|x86.ActiveCfg = BenchSSE_MSVC|Any CPU
		{3F4739EC-1220-4BA8-A01A-DBCBC1B32DDC}.BenchSSE_MSVC|x86.Build.0 = BenchSSE_MSVC|Any CPU
		{3F4739EC-1220-4BA8-A01A-DBCBC1B32DDC}.Debug|Any CPU.ActiveCfg = Debug|Any CPU
		{3F4739EC-1220-4BA8-A01A-DBCBC1B32DDC}.Debug|Any CPU.Build.0 = Debug|Any CPU
		{3F4739EC-1220-4BA8-A01A-DBCBC1B32DDC}.Debug|x64.ActiveCfg = Debug|Any CPU
		{3F4739EC-1220-4BA8-A01A-DBCBC1B32DDC}.Debug|x64.Build.0 = Debug|Any CPU
		{3F4739EC-1220-4BA8-A01A-DBCBC1B32DDC}.Debug|x86.ActiveCfg = Debug|Any CPU
		{3F4739EC-1220-4BA8-A01A-DBCBC1B32DDC}.Debug|x86.Build.0 = Debug|Any CPU
		{3F4739EC-1220-4BA8-A01A-DBCBC1B32DDC}.Release|Any CPU.ActiveCfg = Release|Any CPU
		{3F4739EC-1220-4BA8-A01A-DBCBC1B32DDC}.Release|Any CPU.Build.0 = Release|Any CPU
		{3F4739EC-1220-4BA8-A01A-DBCBC1B32DDC}.Release|x64.ActiveCfg = Release|Any CPU
		{3F4739EC-1220-4BA8-A01A-DBCBC1B32DDC}.Release|x64.Build.0 = Release|Any CPU
		{3F4739EC-1220-4BA8-A01A-DBCBC1B32DDC}.Release|x86.ActiveCfg = Release|Any CPU
		{3F4739EC-1220-4BA8-A01A-DBCBC1B32DDC}.Release|x86.Build.0 = Release|Any CPU
		{E365F054-83D6-4BAB-9FF7-B0C5DD33A3FB}.BenchAvx_ICL|Any CPU.ActiveCfg = Release|Any CPU
		{E365F054-83D6-4BAB-9FF7-B0C5DD33A3FB}.BenchAvx_ICL|Any CPU.Build.0 = Release|Any CPU
		{E365F054-83D6-4BAB-9FF7-B0C5DD33A3FB}.BenchAvx_ICL|x64.ActiveCfg = Bench|Any CPU
		{E365F054-83D6-4BAB-9FF7-B0C5DD33A3FB}.BenchAvx_ICL|x64.Build.0 = Bench|Any CPU
		{E365F054-83D6-4BAB-9FF7-B0C5DD33A3FB}.BenchAvx_ICL|x86.ActiveCfg = Bench|Any CPU
		{E365F054-83D6-4BAB-9FF7-B0C5DD33A3FB}.BenchAvx_ICL|x86.Build.0 = Bench|Any CPU
		{E365F054-83D6-4BAB-9FF7-B0C5DD33A3FB}.BenchAvx_MSVC|Any CPU.ActiveCfg = Release|Any CPU
		{E365F054-83D6-4BAB-9FF7-B0C5DD33A3FB}.BenchAvx_MSVC|Any CPU.Build.0 = Release|Any CPU
		{E365F054-83D6-4BAB-9FF7-B0C5DD33A3FB}.BenchAvx_MSVC|x64.ActiveCfg = BenchAvx_MSVC|Any CPU
		{E365F054-83D6-4BAB-9FF7-B0C5DD33A3FB}.BenchAvx_MSVC|x64.Build.0 = BenchAvx_MSVC|Any CPU
		{E365F054-83D6-4BAB-9FF7-B0C5DD33A3FB}.BenchAvx_MSVC|x86.ActiveCfg = BenchAvx_MSVC|Any CPU
		{E365F054-83D6-4BAB-9FF7-B0C5DD33A3FB}.BenchAvx_MSVC|x86.Build.0 = BenchAvx_MSVC|Any CPU
		{E365F054-83D6-4BAB-9FF7-B0C5DD33A3FB}.BenchSSE_ICL|Any CPU.ActiveCfg = Release|Any CPU
		{E365F054-83D6-4BAB-9FF7-B0C5DD33A3FB}.BenchSSE_ICL|Any CPU.Build.0 = Release|Any CPU
		{E365F054-83D6-4BAB-9FF7-B0C5DD33A3FB}.BenchSSE_ICL|x64.ActiveCfg = Bench|Any CPU
		{E365F054-83D6-4BAB-9FF7-B0C5DD33A3FB}.BenchSSE_ICL|x64.Build.0 = Bench|Any CPU
		{E365F054-83D6-4BAB-9FF7-B0C5DD33A3FB}.BenchSSE_ICL|x86.ActiveCfg = Bench|Any CPU
		{E365F054-83D6-4BAB-9FF7-B0C5DD33A3FB}.BenchSSE_ICL|x86.Build.0 = Bench|Any CPU
		{E365F054-83D6-4BAB-9FF7-B0C5DD33A3FB}.BenchSSE_MSVC|Any CPU.ActiveCfg = Release|Any CPU
		{E365F054-83D6-4BAB-9FF7-B0C5DD33A3FB}.BenchSSE_MSVC|Any CPU.Build.0 = Release|Any CPU
		{E365F054-83D6-4BAB-9FF7-B0C5DD33A3FB}.BenchSSE_MSVC|x64.ActiveCfg = BenchSSE_MSVC|Any CPU
		{E365F054-83D6-4BAB-9FF7-B0C5DD33A3FB}.BenchSSE_MSVC|x64.Build.0 = BenchSSE_MSVC|Any CPU
		{E365F054-83D6-4BAB-9FF7-B0C5DD33A3FB}.BenchSSE_MSVC|x86.ActiveCfg = BenchSSE_MSVC|Any CPU
		{E365F054-83D6-4BAB-9FF7-B0C5DD33A3FB}.BenchSSE_MSVC|x86.Build.0 = BenchSSE_MSVC|Any CPU
		{E365F054-83D6-4BAB-9FF7-B0C5DD33A3FB}.Debug|Any CPU.ActiveCfg = Debug|Any CPU
		{E365F054-83D6-4BAB-9FF7-B0C5DD33A3FB}.Debug|Any CPU.Build.0 = Debug|Any CPU
		{E365F054-83D6-4BAB-9FF7-B0C5DD33A3FB}.Debug|x64.ActiveCfg = Debug|Any CPU
		{E365F054-83D6-4BAB-9FF7-B0C5DD33A3FB}.Debug|x64.Build.0 = Debug|Any CPU
		{E365F054-83D6-4BAB-9FF7-B0C5DD33A3FB}.Debug|x86.ActiveCfg = Debug|Any CPU
		{E365F054-83D6-4BAB-9FF7-B0C5DD33A3FB}.Debug|x86.Build.0 = Debug|Any CPU
		{E365F054-83D6-4BAB-9FF7-B0C5DD33A3FB}.Release|Any CPU.ActiveCfg = Release|Any CPU
		{E365F054-83D6-4BAB-9FF7-B0C5DD33A3FB}.Release|Any CPU.Build.0 = Release|Any CPU
		{E365F054-83D6-4BAB-9FF7-B0C5DD33A3FB}.Release|x64.ActiveCfg = Release|Any CPU
		{E365F054-83D6-4BAB-9FF7-B0C5DD33A3FB}.Release|x64.Build.0 = Release|Any CPU
		{E365F054-83D6-4BAB-9FF7-B0C5DD33A3FB}.Release|x86.ActiveCfg = Release|Any CPU
		{E365F054-83D6-4BAB-9FF7-B0C5DD33A3FB}.Release|x86.Build.0 = Release|Any CPU
		{930DA775-96D5-4368-B593-743D0788BC3A}.BenchAvx_ICL|Any CPU.ActiveCfg = BenchAVX_ICL|x64
		{930DA775-96D5-4368-B593-743D0788BC3A}.BenchAvx_ICL|Any CPU.Build.0 = BenchAVX_ICL|x64
		{930DA775-96D5-4368-B593-743D0788BC3A}.BenchAvx_ICL|x64.ActiveCfg = BenchAVX_ICL|x64
		{930DA775-96D5-4368-B593-743D0788BC3A}.BenchAvx_ICL|x64.Build.0 = BenchAVX_ICL|x64
		{930DA775-96D5-4368-B593-743D0788BC3A}.BenchAvx_ICL|x86.ActiveCfg = BenchAVX_ICL|x64
		{930DA775-96D5-4368-B593-743D0788BC3A}.BenchAvx_ICL|x86.Build.0 = BenchAVX_ICL|x64
		{930DA775-96D5-4368-B593-743D0788BC3A}.BenchAvx_MSVC|Any CPU.ActiveCfg = BenchAvx_MSVC_|x64
		{930DA775-96D5-4368-B593-743D0788BC3A}.BenchAvx_MSVC|Any CPU.Build.0 = BenchAvx_MSVC_|x64
		{930DA775-96D5-4368-B593-743D0788BC3A}.BenchAvx_MSVC|x64.ActiveCfg = BenchAVX_ICL|x64
		{930DA775-96D5-4368-B593-743D0788BC3A}.BenchAvx_MSVC|x64.Build.0 = BenchAVX_ICL|x64
		{930DA775-96D5-4368-B593-743D0788BC3A}.BenchAvx_MSVC|x86.ActiveCfg = BenchAVX_ICL|Win32
		{930DA775-96D5-4368-B593-743D0788BC3A}.BenchAvx_MSVC|x86.Build.0 = BenchAVX_ICL|Win32
		{930DA775-96D5-4368-B593-743D0788BC3A}.BenchSSE_ICL|Any CPU.ActiveCfg = BenchSSE_ICL|x64
		{930DA775-96D5-4368-B593-743D0788BC3A}.BenchSSE_ICL|Any CPU.Build.0 = BenchSSE_ICL|x64
		{930DA775-96D5-4368-B593-743D0788BC3A}.BenchSSE_ICL|x64.ActiveCfg = BenchSSE_ICL|x64
		{930DA775-96D5-4368-B593-743D0788BC3A}.BenchSSE_ICL|x64.Build.0 = BenchSSE_ICL|x64
		{930DA775-96D5-4368-B593-743D0788BC3A}.BenchSSE_ICL|x86.ActiveCfg = BenchSSE_ICL|x64
		{930DA775-96D5-4368-B593-743D0788BC3A}.BenchSSE_ICL|x86.Build.0 = BenchSSE_ICL|x64
		{930DA775-96D5-4368-B593-743D0788BC3A}.BenchSSE_MSVC|Any CPU.ActiveCfg = BenchSSE_MSVC|x64
		{930DA775-96D5-4368-B593-743D0788BC3A}.BenchSSE_MSVC|Any CPU.Build.0 = BenchSSE_MSVC|x64
		{930DA775-96D5-4368-B593-743D0788BC3A}.BenchSSE_MSVC|x64.ActiveCfg = BenchSSE_MSVC|x64
		{930DA775-96D5-4368-B593-743D0788BC3A}.BenchSSE_MSVC|x86.ActiveCfg = BenchSSE_MSVC|Win32
		{930DA775-96D5-4368-B593-743D0788BC3A}.Debug|Any CPU.ActiveCfg = Debug|x64
		{930DA775-96D5-4368-B593-743D0788BC3A}.Debug|Any CPU.Build.0 = Debug|x64
		{930DA775-96D5-4368-B593-743D0788BC3A}.Debug|x64.ActiveCfg = Debug|x64
		{930DA775-96D5-4368-B593-743D0788BC3A}.Debug|x64.Build.0 = Debug|x64
		{930DA775-96D5-4368-B593-743D0788BC3A}.Debug|x86.ActiveCfg = Debug|Win32
		{930DA775-96D5-4368-B593-743D0788BC3A}.Debug|x86.Build.0 = Debug|Win32
		{930DA775-96D5-4368-B593-743D0788BC3A}.Release|Any CPU.ActiveCfg = Release|x64
		{930DA775-96D5-4368-B593-743D0788BC3A}.Release|Any CPU.Build.0 = Release|x64
		{930DA775-96D5-4368-B593-743D0788BC3A}.Release|x64.ActiveCfg = Release|x64
		{930DA775-96D5-4368-B593-743D0788BC3A}.Release|x64.Build.0 = Release|x64
		{930DA775-96D5-4368-B593-743D0788BC3A}.Release|x86.ActiveCfg = Release|Win32
		{930DA775-96D5-4368-B593-743D0788BC3A}.Release|x86.Build.0 = Release|Win32
		{0F747367-B5FB-4D39-AA3A-2CEC1C7FBCD4}.BenchAvx_ICL|Any CPU.ActiveCfg = Release|x64
		{0F747367-B5FB-4D39-AA3A-2CEC1C7FBCD4}.BenchAvx_ICL|Any CPU.Build.0 = Release|x64
		{0F747367-B5FB-4D39-AA3A-2CEC1C7FBCD4}.BenchAvx_ICL|x64.ActiveCfg = Release|x64
		{0F747367-B5FB-4D39-AA3A-2CEC1C7FBCD4}.BenchAvx_ICL|x64.Build.0 = Release|x64
		{0F747367-B5FB-4D39-AA3A-2CEC1C7FBCD4}.BenchAvx_ICL|x86.ActiveCfg = Release|Win32
		{0F747367-B5FB-4D39-AA3A-2CEC1C7FBCD4}.BenchAvx_ICL|x86.Build.0 = Release|Win32
		{0F747367-B5FB-4D39-AA3A-2CEC1C7FBCD4}.BenchAvx_MSVC|Any CPU.ActiveCfg = Release|x64
		{0F747367-B5FB-4D39-AA3A-2CEC1C7FBCD4}.BenchAvx_MSVC|Any CPU.Build.0 = Release|x64
		{0F747367-B5FB-4D39-AA3A-2CEC1C7FBCD4}.BenchAvx_MSVC|x64.ActiveCfg = Release|x64
		{0F747367-B5FB-4D39-AA3A-2CEC1C7FBCD4}.BenchAvx_MSVC|x64.Build.0 = Release|x64
		{0F747367-B5FB-4D39-AA3A-2CEC1C7FBCD4}.BenchAvx_MSVC|x86.ActiveCfg = Release|Win32
		{0F747367-B5FB-4D39-AA3A-2CEC1C7FBCD4}.BenchAvx_MSVC|x86.Build.0 = Release|Win32
		{0F747367-B5FB-4D39-AA3A-2CEC1C7FBCD4}.BenchSSE_ICL|Any CPU.ActiveCfg = Release|x64
		{0F747367-B5FB-4D39-AA3A-2CEC1C7FBCD4}.BenchSSE_ICL|Any CPU.Build.0 = Release|x64
		{0F747367-B5FB-4D39-AA3A-2CEC1C7FBCD4}.BenchSSE_ICL|x64.ActiveCfg = Bench_SSE_ICL|x64
		{0F747367-B5FB-4D39-AA3A-2CEC1C7FBCD4}.BenchSSE_ICL|x64.Build.0 = Bench_SSE_ICL|x64
		{0F747367-B5FB-4D39-AA3A-2CEC1C7FBCD4}.BenchSSE_ICL|x86.ActiveCfg = Release|Win32
		{0F747367-B5FB-4D39-AA3A-2CEC1C7FBCD4}.BenchSSE_ICL|x86.Build.0 = Release|Win32
		{0F747367-B5FB-4D39-AA3A-2CEC1C7FBCD4}.BenchSSE_MSVC|Any CPU.ActiveCfg = Release|x64
		{0F747367-B5FB-4D39-AA3A-2CEC1C7FBCD4}.BenchSSE_MSVC|Any CPU.Build.0 = Release|x64
		{0F747367-B5FB-4D39-AA3A-2CEC1C7FBCD4}.BenchSSE_MSVC|x64.ActiveCfg = Release|x64
		{0F747367-B5FB-4D39-AA3A-2CEC1C7FBCD4}.BenchSSE_MSVC|x64.Build.0 = Release|x64
		{0F747367-B5FB-4D39-AA3A-2CEC1C7FBCD4}.BenchSSE_MSVC|x86.ActiveCfg = Release|Win32
		{0F747367-B5FB-4D39-AA3A-2CEC1C7FBCD4}.BenchSSE_MSVC|x86.Build.0 = Release|Win32
		{0F747367-B5FB-4D39-AA3A-2CEC1C7FBCD4}.Debug|Any CPU.ActiveCfg = Debug|Win32
		{0F747367-B5FB-4D39-AA3A-2CEC1C7FBCD4}.Debug|x64.ActiveCfg = Debug|x64
		{0F747367-B5FB-4D39-AA3A-2CEC1C7FBCD4}.Debug|x64.Build.0 = Debug|x64
		{0F747367-B5FB-4D39-AA3A-2CEC1C7FBCD4}.Debug|x86.ActiveCfg = Debug|Win32
		{0F747367-B5FB-4D39-AA3A-2CEC1C7FBCD4}.Debug|x86.Build.0 = Debug|Win32
		{0F747367-B5FB-4D39-AA3A-2CEC1C7FBCD4}.Release|Any CPU.ActiveCfg = Release|Win32
		{0F747367-B5FB-4D39-AA3A-2CEC1C7FBCD4}.Release|x64.ActiveCfg = Release|x64
		{0F747367-B5FB-4D39-AA3A-2CEC1C7FBCD4}.Release|x64.Build.0 = Release|x64
		{0F747367-B5FB-4D39-AA3A-2CEC1C7FBCD4}.Release|x86.ActiveCfg = Release|Win32
		{0F747367-B5FB-4D39-AA3A-2CEC1C7FBCD4}.Release|x86.Build.0 = Release|Win32
	EndGlobalSection
	GlobalSection(SolutionProperties) = preSolution
		HideSolutionNode = FALSE
	EndGlobalSection
EndGlobal
