
Microsoft Visual Studio Solution File, Format Version 12.00
# Visual Studio 14
VisualStudioVersion = 14.0.23107.0
MinimumVisualStudioVersion = 10.0.40219.1
Project("{FAE04EC0-301F-11D3-BF4B-00C04F79EFBC}") = "VKDiplom", "VKDiplom\VKDiplom.csproj", "{C480742E-7EE3-4F31-A11B-BEC1DF0D52E0}"
EndProject
Project("{FAE04EC0-301F-11D3-BF4B-00C04F79EFBC}") = "VKDiplom.Web", "VKDiplom.Web\VKDiplom.Web.csproj", "{A085E6F7-35AE-44C8-84CB-B28C45CC6484}"
EndProject
Project("{FAE04EC0-301F-11D3-BF4B-00C04F79EFBC}") = "HermiteInterpolation", "HermiteInterpolation\HermiteInterpolation.csproj", "{4DA8571C-CA17-4DC7-90B6-544F4ECDF424}"
EndProject
Project("{FAE04EC0-301F-11D3-BF4B-00C04F79EFBC}") = "CalculationEngine", "CalculationEngine\CalculationEngine.csproj", "{3ED6A5A6-B6BD-4C61-BA5F-7BF692F11C3D}"
EndProject
Global
	GlobalSection(SolutionConfigurationPlatforms) = preSolution
		Debug|Any CPU = Debug|Any CPU
		Release|Any CPU = Release|Any CPU
	EndGlobalSection
	GlobalSection(ProjectConfigurationPlatforms) = postSolution
		{C480742E-7EE3-4F31-A11B-BEC1DF0D52E0}.Debug|Any CPU.ActiveCfg = Debug|Any CPU
		{C480742E-7EE3-4F31-A11B-BEC1DF0D52E0}.Debug|Any CPU.Build.0 = Debug|Any CPU
		{C480742E-7EE3-4F31-A11B-BEC1DF0D52E0}.Release|Any CPU.ActiveCfg = Release|Any CPU
		{C480742E-7EE3-4F31-A11B-BEC1DF0D52E0}.Release|Any CPU.Build.0 = Release|Any CPU
		{A085E6F7-35AE-44C8-84CB-B28C45CC6484}.Debug|Any CPU.ActiveCfg = Debug|Any CPU
		{A085E6F7-35AE-44C8-84CB-B28C45CC6484}.Debug|Any CPU.Build.0 = Debug|Any CPU
		{A085E6F7-35AE-44C8-84CB-B28C45CC6484}.Release|Any CPU.ActiveCfg = Release|Any CPU
		{A085E6F7-35AE-44C8-84CB-B28C45CC6484}.Release|Any CPU.Build.0 = Release|Any CPU
		{4DA8571C-CA17-4DC7-90B6-544F4ECDF424}.Debug|Any CPU.ActiveCfg = Debug|Any CPU
		{4DA8571C-CA17-4DC7-90B6-544F4ECDF424}.Debug|Any CPU.Build.0 = Debug|Any CPU
		{4DA8571C-CA17-4DC7-90B6-544F4ECDF424}.Release|Any CPU.ActiveCfg = Release|Any CPU
		{4DA8571C-CA17-4DC7-90B6-544F4ECDF424}.Release|Any CPU.Build.0 = Release|Any CPU
		{3ED6A5A6-B6BD-4C61-BA5F-7BF692F11C3D}.Debug|Any CPU.ActiveCfg = Debug|Any CPU
		{3ED6A5A6-B6BD-4C61-BA5F-7BF692F11C3D}.Debug|Any CPU.Build.0 = Debug|Any CPU
		{3ED6A5A6-B6BD-4C61-BA5F-7BF692F11C3D}.Release|Any CPU.ActiveCfg = Release|Any CPU
		{3ED6A5A6-B6BD-4C61-BA5F-7BF692F11C3D}.Release|Any CPU.Build.0 = Release|Any CPU
	EndGlobalSection
	GlobalSection(SolutionProperties) = preSolution
		HideSolutionNode = FALSE
	EndGlobalSection
EndGlobal
